
Microsoft Visual Studio Solution File, Format Version 12.00
# Visual Studio Version 17
VisualStudioVersion = 17.10.34928.147
MinimumVisualStudioVersion = 10.0.40219.1
Project("{FAE04EC0-301F-11D3-BF4B-00C04F79EFBC}") = "Bright.ScreenPlay", "Bright.ScreenPlay\Bright.ScreenPlay.csproj", "{9BCF7EB8-2DDB-414E-9B43-7C57BE3B2555}"
EndProject
Global
	GlobalSection(SolutionConfigurationPlatforms) = preSolution
		Debug|Any CPU = Debug|Any CPU
		Release|Any CPU = Release|Any CPU
	EndGlobalSection
	GlobalSection(ProjectConfigurationPlatforms) = postSolution
		{9BCF7EB8-2DDB-414E-9B43-7C57BE3B2555}.Debug|Any CPU.ActiveCfg = Debug|Any CPU
		{9BCF7EB8-2DDB-414E-9B43-7C57BE3B2555}.Debug|Any CPU.Build.0 = Debug|Any CPU
		{9BCF7EB8-2DDB-414E-9B43-7C57BE3B2555}.Release|Any CPU.ActiveCfg = Release|Any CPU
		{9BCF7EB8-2DDB-414E-9B43-7C57BE3B2555}.Release|Any CPU.Build.0 = Release|Any CPU
	EndGlobalSection
	GlobalSection(SolutionProperties) = preSolution
		HideSolutionNode = FALSE
	EndGlobalSection
	GlobalSection(ExtensibilityGlobals) = postSolution
		SolutionGuid = {06512A4D-9BB1-44B9-806C-CDD0365FB152}
	EndGlobalSection
EndGlobal
